{
  "name": "forklens-consumer-vault",
  "version": "1.0.0",
  "lockfileVersion": 3,
  "requires": true,
  "packages": {
    "": {
      "name": "forklens-consumer-vault",
      "version": "1.0.0",
      "dependencies": {
        "@forklens-fixtures/signature-envelope": "github:eaglebooth/ForkLens-Dependency#59e9de2b40b74f287c0ad9cf2d1ccebf3b74b846"
      },
      "engines": {
        "node": ">=20"
      }
    },
    "node_modules/@forklens-fixtures/signature-envelope": {
      "version": "2.0.0",
      "resolved": "git+ssh://git@github.com/eaglebooth/ForkLens-Dependency.git#59e9de2b40b74f287c0ad9cf2d1ccebf3b74b846",
      "integrity": "sha512-HzPtaJwC1XJTbTBCKeollmdpUtDPDPFjD1QTbjZAMp8yHhBTP6T8NO2YFB8wvgl49d9hSX36fI7yV4qKUVJfIQ=="
    }
  }
}
